
Microsoft Visual Studio Solution File, Format Version 12.00
Project("{FAE04EC0-301F-11D3-BF4B-00C04F79EFBC}") = "AspBlog", "AspBlog\AspBlog.csproj", "{2F03CF50-42D1-44BD-BF1D-5793DE79C1DA}"
EndProject
Global
	GlobalSection(SolutionConfigurationPlatforms) = preSolution
		Debug|Any CPU = Debug|Any CPU
		Release|Any CPU = Release|Any CPU
	EndGlobalSection
	GlobalSection(ProjectConfigurationPlatforms) = postSolution
		{2F03CF50-42D1-44BD-BF1D-5793DE79C1DA}.Debug|Any CPU.ActiveCfg = Debug|Any CPU
		{2F03CF50-42D1-44BD-BF1D-5793DE79C1DA}.Debug|Any CPU.Build.0 = Debug|Any CPU
		{2F03CF50-42D1-44BD-BF1D-5793DE79C1DA}.Release|Any CPU.ActiveCfg = Release|Any CPU
		{2F03CF50-42D1-44BD-BF1D-5793DE79C1DA}.Release|Any CPU.Build.0 = Release|Any CPU
	EndGlobalSection
EndGlobal
